
Microsoft Visual Studio Solution File, Format Version 12.00
# Visual Studio Version 17
VisualStudioVersion = 17.10.34928.147
MinimumVisualStudioVersion = 10.0.40219.1
Project("{FAE04EC0-301F-11D3-BF4B-00C04F79EFBC}") = "tutorial-MVC", "tutorial-MVC\tutorial-MVC.csproj", "{F9FD8BFB-E284-488E-ADBB-ECC8DE219529}"
EndProject
Global
	GlobalSection(SolutionConfigurationPlatforms) = preSolution
		Debug|Any CPU = Debug|Any CPU
		Release|Any CPU = Release|Any CPU
	EndGlobalSection
	GlobalSection(ProjectConfigurationPlatforms) = postSolution
		{F9FD8BFB-E284-488E-ADBB-ECC8DE219529}.Debug|Any CPU.ActiveCfg = Debug|Any CPU
		{F9FD8BFB-E284-488E-ADBB-ECC8DE219529}.Debug|Any CPU.Build.0 = Debug|Any CPU
		{F9FD8BFB-E284-488E-ADBB-ECC8DE219529}.Release|Any CPU.ActiveCfg = Release|Any CPU
		{F9FD8BFB-E284-488E-ADBB-ECC8DE219529}.Release|Any CPU.Build.0 = Release|Any CPU
	EndGlobalSection
	GlobalSection(SolutionProperties) = preSolution
		HideSolutionNode = FALSE
	EndGlobalSection
	GlobalSection(ExtensibilityGlobals) = postSolution
		SolutionGuid = {2370B19E-8040-4BFA-976C-AEB82E6E4B0C}
	EndGlobalSection
EndGlobal
